{
    "_readme": [
        "This file locks the dependencies of your project to a known state",
        "Read more about it at https://getcomposer.org/doc/01-basic-usage.md#composer-lock-the-lock-file",
        "This file is @generated automatically"
    ],
    "content-hash": "702a0fdc0c89b9e08107b36ea724247b",
    "packages": [],
    "packages-dev": [
        {
            "name": "composer/composer",
            "version": "1.0.3",
            "source": {
                "type": "git",
                "url": "https://github.com/composer/composer.git",
                "reference": "a4a0546ece469cae984219f920c75437820064ff"
            },
            "dist": {
                "type": "zip",
                "url": "https://api.github.com/repos/composer/composer/zipball/a4a0546ece469cae984219f920c75437820064ff",
                "reference": "a4a0546ece469cae984219f920c75437820064ff",
                "shasum": ""
            },
            "require": {
                "composer/semver": "^1.0",
                "composer/spdx-licenses": "^1.0",
                "justinrainbow/json-schema": "^1.6",
                "php": "^5.3.2 || ^7.0",
                "seld/cli-prompt": "^1.0",
                "seld/jsonlint": "^1.4",
                "seld/phar-utils": "^1.0",
                "symfony/console": "^2.5 || ^3.0",
                "symfony/filesystem": "^2.5 || ^3.0",
                "symfony/finder": "^2.2 || ^3.0",
                "symfony/process": "^2.1 || ^3.0"
            },
            "require-dev": {
                "phpunit/phpunit": "^4.5 || ^5.0.5",
                "phpunit/phpunit-mock-objects": "2.3.0 || ^3.0"
            },
            "suggest": {
                "ext-openssl": "Enabling the openssl extension allows you to access https URLs for repositories and packages",
                "ext-zip": "Enabling the zip extension allows you to unzip archives",
                "ext-zlib": "Allow gzip compression of HTTP requests"
            },
            "bin": [
                "bin/composer"
            ],
            "type": "library",
            "extra": {
                "branch-alias": {
                    "dev-master": "1.0-dev"
                }
            },
            "autoload": {
                "psr-4": {
                    "Composer\\": "src/Composer"
                }
            },
            "notification-url": "https://packagist.org/downloads/",
            "license": [
                "MIT"
            ],
            "authors": [
                {
                    "name": "Nils Adermann",
                    "email": "naderman@naderman.de",
                    "homepage": "http://www.naderman.de"
                },
                {
                    "name": "Jordi Boggiano",
                    "email": "j.boggiano@seld.be",
                    "homepage": "http://seld.be"
                }
            ],
            "description": "Composer helps you declare, manage and install dependencies of PHP projects, ensuring you have the right stack everywhere.",
            "homepage": "https://getcomposer.org/",
            "keywords": [
                "autoload",
                "dependency",
                "package"
            ],
            "time": "2016-04-29T15:30:16+00:00"
        },
        {
            "name": "composer/semver",
            "version": "dev-master",
            "source": {
                "type": "git",
                "url": "https://github.com/composer/semver.git",
                "reference": "7ea669582e6396857cf6d1c0a6cd2728f4e7e383"
            },
            "dist": {
                "type": "zip",
                "url": "https://api.github.com/repos/composer/semver/zipball/7ea669582e6396857cf6d1c0a6cd2728f4e7e383",
                "reference": "7ea669582e6396857cf6d1c0a6cd2728f4e7e383",
                "shasum": ""
            },
            "require": {
                "php": "^5.3.2 || ^7.0"
            },
            "require-dev": {
                "phpunit/phpunit": "^4.5 || ^5.0.5",
                "phpunit/phpunit-mock-objects": "2.3.0 || ^3.0"
            },
            "type": "library",
            "extra": {
                "branch-alias": {
                    "dev-master": "1.x-dev"
                }
            },
            "autoload": {
                "psr-4": {
                    "Composer\\Semver\\": "src"
                }
            },
            "notification-url": "https://packagist.org/downloads/",
            "license": [
                "MIT"
            ],
            "authors": [
                {
                    "name": "Nils Adermann",
                    "email": "naderman@naderman.de",
                    "homepage": "http://www.naderman.de"
                },
                {
                    "name": "Jordi Boggiano",
                    "email": "j.boggiano@seld.be",
                    "homepage": "http://seld.be"
                },
                {
                    "name": "Rob Bast",
                    "email": "rob.bast@gmail.com",
                    "homepage": "http://robbast.nl"
                }
            ],
            "description": "Semver library that offers utilities, version constraint parsing and validation.",
            "keywords": [
                "semantic",
                "semver",
                "validation",
                "versioning"
            ],
            "time": "2017-05-15T12:49:06+00:00"
        },
        {
            "name": "composer/spdx-licenses",
            "version": "dev-master",
            "source": {
                "type": "git",
                "url": "https://github.com/composer/spdx-licenses.git",
                "reference": "2603a0d7ddc00a015deb576fa5297ca43dee6b1c"
            },
            "dist": {
                "type": "zip",
                "url": "https://api.github.com/repos/composer/spdx-licenses/zipball/2603a0d7ddc00a015deb576fa5297ca43dee6b1c",
                "reference": "2603a0d7ddc00a015deb576fa5297ca43dee6b1c",
                "shasum": ""
            },
            "require": {
                "php": "^5.3.2 || ^7.0"
            },
            "require-dev": {
                "phpunit/phpunit": "^4.5 || ^5.0.5",
                "phpunit/phpunit-mock-objects": "2.3.0 || ^3.0"
            },
            "type": "library",
            "extra": {
                "branch-alias": {
                    "dev-master": "1.x-dev"
                }
            },
            "autoload": {
                "psr-4": {
                    "Composer\\Spdx\\": "src"
                }
            },
            "notification-url": "https://packagist.org/downloads/",
            "license": [
                "MIT"
            ],
            "authors": [
                {
                    "name": "Nils Adermann",
                    "email": "naderman@naderman.de",
                    "homepage": "http://www.naderman.de"
                },
                {
                    "name": "Jordi Boggiano",
                    "email": "j.boggiano@seld.be",
                    "homepage": "http://seld.be"
                },
                {
                    "name": "Rob Bast",
                    "email": "rob.bast@gmail.com",
                    "homepage": "http://robbast.nl"
                }
            ],
            "description": "SPDX licenses list and validation library.",
            "keywords": [
                "license",
                "spdx",
                "validator"
            ],
            "time": "2017-04-03T19:08:52+00:00"
        },
        {
            "name": "fzaninotto/faker",
            "version": "v1.4.0",
            "source": {
                "type": "git",
                "url": "https://github.com/fzaninotto/Faker.git",
                "reference": "010c7efedd88bf31141a02719f51fb44c732d5a0"
            },
            "dist": {
                "type": "zip",
                "url": "https://api.github.com/repos/fzaninotto/Faker/zipball/010c7efedd88bf31141a02719f51fb44c732d5a0",
                "reference": "010c7efedd88bf31141a02719f51fb44c732d5a0",
                "shasum": ""
            },
            "require": {
                "php": ">=5.3.3"
            },
            "require-dev": {
                "phpunit/phpunit": "~4.0",
                "squizlabs/php_codesniffer": "~1.5"
            },
            "type": "library",
            "extra": {
                "branch-alias": []
            },
            "autoload": {
                "psr-0": {
                    "Faker": "src/",
                    "Faker\\PHPUnit": "test/"
                }
            },
            "notification-url": "https://packagist.org/downloads/",
            "license": [
                "MIT"
            ],
            "authors": [
                {
                    "name": "François Zaninotto"
                }
            ],
            "description": "Faker is a PHP library that generates fake data for you.",
            "keywords": [
                "data",
                "faker",
                "fixtures"
            ],
            "time": "2014-06-04T14:43:02+00:00"
        },
        {
            "name": "justinrainbow/json-schema",
            "version": "1.6.1",
            "source": {
                "type": "git",
                "url": "https://github.com/justinrainbow/json-schema.git",
                "reference": "cc84765fb7317f6b07bd8ac78364747f95b86341"
            },
            "dist": {
                "type": "zip",
                "url": "https://api.github.com/repos/justinrainbow/json-schema/zipball/cc84765fb7317f6b07bd8ac78364747f95b86341",
                "reference": "cc84765fb7317f6b07bd8ac78364747f95b86341",
                "shasum": ""
            },
            "require": {
                "php": ">=5.3.29"
            },
            "require-dev": {
                "json-schema/json-schema-test-suite": "1.1.0",
                "phpdocumentor/phpdocumentor": "~2",
                "phpunit/phpunit": "~3.7"
            },
            "bin": [
                "bin/validate-json"
            ],
            "type": "library",
            "extra": {
                "branch-alias": {
                    "dev-master": "1.6.x-dev"
                }
            },
            "autoload": {
                "psr-4": {
                    "JsonSchema\\": "src/JsonSchema/"
                }
            },
            "notification-url": "https://packagist.org/downloads/",
            "license": [
                "BSD-3-Clause"
            ],
            "authors": [
                {
                    "name": "Bruno Prieto Reis",
                    "email": "bruno.p.reis@gmail.com"
                },
                {
                    "name": "Justin Rainbow",
                    "email": "justin.rainbow@gmail.com"
                },
                {
                    "name": "Igor Wiedler",
                    "email": "igor@wiedler.ch"
                },
                {
                    "name": "Robert Schönthal",
                    "email": "seroscho@googlemail.com"
                }
            ],
            "description": "A library to validate a json schema.",
            "homepage": "https://github.com/justinrainbow/json-schema",
            "keywords": [
                "json",
                "schema"
            ],
            "time": "2016-01-25T15:43:01+00:00"
        },
        {
            "name": "n98/junit-xml",
            "version": "1.0.0",
            "source": {
                "type": "git",
                "url": "https://github.com/cmuench/junit-xml.git",
                "reference": "7df0dbaf413fcaa1a63ffbcef18654e7a4cceb46"
            },
            "dist": {
                "type": "zip",
                "url": "https://api.github.com/repos/cmuench/junit-xml/zipball/7df0dbaf413fcaa1a63ffbcef18654e7a4cceb46",
                "reference": "7df0dbaf413fcaa1a63ffbcef18654e7a4cceb46",
                "shasum": ""
            },
            "require-dev": {
                "phpunit/phpunit": "3.7.*"
            },
            "type": "library",
            "autoload": {
                "psr-0": {
                    "N98\\JUnitXml": "src/"
                }
            },
            "notification-url": "https://packagist.org/downloads/",
            "license": [
                "MIT"
            ],
            "authors": [
                {
                    "name": "Christian Münch",
                    "email": "c.muench@netz98.de"
                }
            ],
            "description": "JUnit XML Document generation library",
            "time": "2013-11-23T13:11:26+00:00"
        },
        {
            "name": "n98/magerun",
            "version": "1.91.0",
            "source": {
                "type": "git",
                "url": "https://github.com/netz98/n98-magerun.git",
                "reference": "f56de425471fca3aa636776c8d35821aa1c66eea"
            },
            "dist": {
                "type": "zip",
                "url": "https://api.github.com/repos/netz98/n98-magerun/zipball/f56de425471fca3aa636776c8d35821aa1c66eea",
                "reference": "f56de425471fca3aa636776c8d35821aa1c66eea",
                "shasum": ""
            },
            "require": {
                "composer/composer": "1.0.*@dev",
                "fzaninotto/faker": "1.4.0",
                "n98/junit-xml": "1.0.0",
                "php": ">=5.3.3",
                "symfony/console": "2.5.2",
                "symfony/event-dispatcher": "2.5.2",
                "symfony/finder": "2.5.2",
                "symfony/process": "2.5.2",
                "symfony/validator": "2.5.2",
                "symfony/yaml": "2.5.2",
                "twig/twig": "1.*"
            },
            "require-dev": {
                "mikey179/vfsstream": "v1.2.0",
                "phpunit/phpunit": "4.1.*"
            },
            "bin": [
                "bin/n98-magerun"
            ],
            "type": "library",
            "autoload": {
                "psr-0": {
                    "N98": "src",
                    "Composer": "src"
                }
            },
            "notification-url": "https://packagist.org/downloads/",
            "license": [
                "MIT"
            ],
            "authors": [
                {
                    "name": "Christian Münch",
                    "email": "c.muench@netz98.de"
                },
                {
                    "name": "Alexander Menk",
                    "email": "a.menk@netz98.de"
                }
            ],
            "description": "Tools for managing Magento projects and installations",
            "homepage": "http://netz98.github.com/n98-magerun/",
            "keywords": [
                "cli",
                "installer",
                "magento",
                "magerun"
            ],
            "time": "2014-08-25T12:09:05+00:00"
        },
        {
            "name": "seld/cli-prompt",
            "version": "dev-master",
            "source": {
                "type": "git",
                "url": "https://github.com/Seldaek/cli-prompt.git",
                "reference": "a19a7376a4689d4d94cab66ab4f3c816019ba8dd"
            },
            "dist": {
                "type": "zip",
                "url": "https://api.github.com/repos/Seldaek/cli-prompt/zipball/a19a7376a4689d4d94cab66ab4f3c816019ba8dd",
                "reference": "a19a7376a4689d4d94cab66ab4f3c816019ba8dd",
                "shasum": ""
            },
            "require": {
                "php": ">=5.3"
            },
            "type": "library",
            "extra": {
                "branch-alias": {
                    "dev-master": "1.x-dev"
                }
            },
            "autoload": {
                "psr-4": {
                    "Seld\\CliPrompt\\": "src/"
                }
            },
            "notification-url": "https://packagist.org/downloads/",
            "license": [
                "MIT"
            ],
            "authors": [
                {
                    "name": "Jordi Boggiano",
                    "email": "j.boggiano@seld.be"
                }
            ],
            "description": "Allows you to prompt for user input on the command line, and optionally hide the characters they type",
            "keywords": [
                "cli",
                "console",
                "hidden",
                "input",
                "prompt"
            ],
            "time": "2017-03-18T11:32:45+00:00"
        },
        {
            "name": "seld/jsonlint",
            "version": "1.6.1",
            "source": {
                "type": "git",
                "url": "https://github.com/Seldaek/jsonlint.git",
                "reference": "50d63f2858d87c4738d5b76a7dcbb99fa8cf7c77"
            },
            "dist": {
                "type": "zip",
                "url": "https://api.github.com/repos/Seldaek/jsonlint/zipball/50d63f2858d87c4738d5b76a7dcbb99fa8cf7c77",
                "reference": "50d63f2858d87c4738d5b76a7dcbb99fa8cf7c77",
                "shasum": ""
            },
            "require": {
                "php": "^5.3 || ^7.0"
            },
            "require-dev": {
                "phpunit/phpunit": "^4.5"
            },
            "bin": [
                "bin/jsonlint"
            ],
            "type": "library",
            "autoload": {
                "psr-4": {
                    "Seld\\JsonLint\\": "src/Seld/JsonLint/"
                }
            },
            "notification-url": "https://packagist.org/downloads/",
            "license": [
                "MIT"
            ],
            "authors": [
                {
                    "name": "Jordi Boggiano",
                    "email": "j.boggiano@seld.be",
                    "homepage": "http://seld.be"
                }
            ],
            "description": "JSON Linter",
            "keywords": [
                "json",
                "linter",
                "parser",
                "validator"
            ],
            "time": "2017-06-18T15:11:04+00:00"
        },
        {
            "name": "seld/phar-utils",
            "version": "dev-master",
            "source": {
                "type": "git",
                "url": "https://github.com/Seldaek/phar-utils.git",
                "reference": "7009b5139491975ef6486545a39f3e6dad5ac30a"
            },
            "dist": {
                "type": "zip",
                "url": "https://api.github.com/repos/Seldaek/phar-utils/zipball/7009b5139491975ef6486545a39f3e6dad5ac30a",
                "reference": "7009b5139491975ef6486545a39f3e6dad5ac30a",
                "shasum": ""
            },
            "require": {
                "php": ">=5.3"
            },
            "type": "library",
            "extra": {
                "branch-alias": {
                    "dev-master": "1.x-dev"
                }
            },
            "autoload": {
                "psr-4": {
                    "Seld\\PharUtils\\": "src/"
                }
            },
            "notification-url": "https://packagist.org/downloads/",
            "license": [
                "MIT"
            ],
            "authors": [
                {
                    "name": "Jordi Boggiano",
                    "email": "j.boggiano@seld.be"
                }
            ],
            "description": "PHAR file format utilities, for when PHP phars you up",
            "keywords": [
                "phra"
            ],
            "time": "2015-10-13T18:44:15+00:00"
        },
        {
            "name": "symfony/console",
            "version": "v2.5.2",
            "target-dir": "Symfony/Component/Console",
            "source": {
                "type": "git",
                "url": "https://github.com/symfony/console.git",
                "reference": "386fa63407805959bd2c5fe540294721ad4224c8"
            },
            "dist": {
                "type": "zip",
                "url": "https://api.github.com/repos/symfony/console/zipball/386fa63407805959bd2c5fe540294721ad4224c8",
                "reference": "386fa63407805959bd2c5fe540294721ad4224c8",
                "shasum": ""
            },
            "require": {
                "php": ">=5.3.3"
            },
            "require-dev": {
                "psr/log": "~1.0",
                "symfony/event-dispatcher": "~2.1"
            },
            "suggest": {
                "psr/log": "For using the console logger",
                "symfony/event-dispatcher": ""
            },
            "type": "library",
            "extra": {
                "branch-alias": {
                    "dev-master": "2.5-dev"
                }
            },
            "autoload": {
                "psr-0": {
                    "Symfony\\Component\\Console\\": ""
                }
            },
            "notification-url": "https://packagist.org/downloads/",
            "license": [
                "MIT"
            ],
            "authors": [
                {
                    "name": "Symfony Community",
                    "homepage": "http://symfony.com/contributors"
                },
                {
                    "name": "Fabien Potencier",
                    "email": "fabien@symfony.com"
                }
            ],
            "description": "Symfony Console Component",
            "homepage": "http://symfony.com",
            "time": "2014-07-15T14:15:12+00:00"
        },
        {
            "name": "symfony/event-dispatcher",
            "version": "v2.5.2",
            "target-dir": "Symfony/Component/EventDispatcher",
            "source": {
                "type": "git",
                "url": "https://github.com/symfony/event-dispatcher.git",
                "reference": "2215d2ef6fd7ab24d55576a3d924df575c741762"
            },
            "dist": {
                "type": "zip",
                "url": "https://api.github.com/repos/symfony/event-dispatcher/zipball/2215d2ef6fd7ab24d55576a3d924df575c741762",
                "reference": "2215d2ef6fd7ab24d55576a3d924df575c741762",
                "shasum": ""
            },
            "require": {
                "php": ">=5.3.3"
            },
            "require-dev": {
                "psr/log": "~1.0",
                "symfony/config": "~2.0",
                "symfony/dependency-injection": "~2.0",
                "symfony/stopwatch": "~2.2"
            },
            "suggest": {
                "symfony/dependency-injection": "",
                "symfony/http-kernel": ""
            },
            "type": "library",
            "extra": {
                "branch-alias": {
                    "dev-master": "2.5-dev"
                }
            },
            "autoload": {
                "psr-0": {
                    "Symfony\\Component\\EventDispatcher\\": ""
                }
            },
            "notification-url": "https://packagist.org/downloads/",
            "license": [
                "MIT"
            ],
            "authors": [
                {
                    "name": "Symfony Community",
                    "homepage": "http://symfony.com/contributors"
                },
                {
                    "name": "Fabien Potencier",
                    "email": "fabien@symfony.com"
                }
            ],
            "description": "Symfony EventDispatcher Component",
            "homepage": "http://symfony.com",
            "time": "2014-07-09T09:05:48+00:00"
        },
        {
            "name": "symfony/filesystem",
            "version": "3.4.x-dev",
            "source": {
                "type": "git",
                "url": "https://github.com/symfony/filesystem.git",
                "reference": "113da0323f3409ebf8ddf394e9596ffeaf2723dc"
            },
            "dist": {
                "type": "zip",
                "url": "https://api.github.com/repos/symfony/filesystem/zipball/113da0323f3409ebf8ddf394e9596ffeaf2723dc",
                "reference": "113da0323f3409ebf8ddf394e9596ffeaf2723dc",
                "shasum": ""
            },
            "require": {
                "php": "^5.5.9|>=7.0.8"
            },
            "type": "library",
            "extra": {
                "branch-alias": {
                    "dev-master": "3.4-dev"
                }
            },
            "autoload": {
                "psr-4": {
                    "Symfony\\Component\\Filesystem\\": ""
                },
                "exclude-from-classmap": [
                    "/Tests/"
                ]
            },
            "notification-url": "https://packagist.org/downloads/",
            "license": [
                "MIT"
            ],
            "authors": [
                {
                    "name": "Fabien Potencier",
                    "email": "fabien@symfony.com"
                },
                {
                    "name": "Symfony Community",
                    "homepage": "https://symfony.com/contributors"
                }
            ],
            "description": "Symfony Filesystem Component",
            "homepage": "https://symfony.com",
            "time": "2017-10-03T13:54:22+00:00"
        },
        {
            "name": "symfony/finder",
            "version": "v2.5.2",
            "target-dir": "Symfony/Component/Finder",
            "source": {
                "type": "git",
                "url": "https://github.com/symfony/Finder.git",
                "reference": "576d8f69feec477067e91b6bd0367c113e76a1a0"
            },
            "dist": {
                "type": "zip",
                "url": "https://api.github.com/repos/symfony/Finder/zipball/576d8f69feec477067e91b6bd0367c113e76a1a0",
                "reference": "576d8f69feec477067e91b6bd0367c113e76a1a0",
                "shasum": ""
            },
            "require": {
                "php": ">=5.3.3"
            },
            "type": "library",
            "extra": {
                "branch-alias": {
                    "dev-master": "2.5-dev"
                }
            },
            "autoload": {
                "psr-0": {
                    "Symfony\\Component\\Finder\\": ""
                }
            },
            "notification-url": "https://packagist.org/downloads/",
            "license": [
                "MIT"
            ],
            "authors": [
                {
                    "name": "Fabien Potencier",
                    "email": "fabien@symfony.com",
                    "homepage": "http://fabien.potencier.org",
                    "role": "Lead Developer"
                },
                {
                    "name": "Symfony Community",
                    "homepage": "http://symfony.com/contributors"
                }
            ],
            "description": "Symfony Finder Component",
            "homepage": "http://symfony.com",
            "time": "2014-07-15T14:15:12+00:00"
        },
        {
            "name": "symfony/polyfill-mbstring",
            "version": "dev-master",
            "source": {
                "type": "git",
                "url": "https://github.com/symfony/polyfill-mbstring.git",
                "reference": "2ec8b39c38cb16674bbf3fea2b6ce5bf117e1296"
            },
            "dist": {
                "type": "zip",
                "url": "https://api.github.com/repos/symfony/polyfill-mbstring/zipball/2ec8b39c38cb16674bbf3fea2b6ce5bf117e1296",
                "reference": "2ec8b39c38cb16674bbf3fea2b6ce5bf117e1296",
                "shasum": ""
            },
            "require": {
                "php": ">=5.3.3"
            },
            "suggest": {
                "ext-mbstring": "For best performance"
            },
            "type": "library",
            "extra": {
                "branch-alias": {
                    "dev-master": "1.6-dev"
                }
            },
            "autoload": {
                "psr-4": {
                    "Symfony\\Polyfill\\Mbstring\\": ""
                },
                "files": [
                    "bootstrap.php"
                ]
            },
            "notification-url": "https://packagist.org/downloads/",
            "license": [
                "MIT"
            ],
            "authors": [
                {
                    "name": "Nicolas Grekas",
                    "email": "p@tchwork.com"
                },
                {
                    "name": "Symfony Community",
                    "homepage": "https://symfony.com/contributors"
                }
            ],
            "description": "Symfony polyfill for the Mbstring extension",
            "homepage": "https://symfony.com",
            "keywords": [
                "compatibility",
                "mbstring",
                "polyfill",
                "portable",
                "shim"
            ],
            "time": "2017-10-11T12:05:26+00:00"
        },
        {
            "name": "symfony/process",
            "version": "v2.5.2",
            "target-dir": "Symfony/Component/Process",
            "source": {
                "type": "git",
                "url": "https://github.com/symfony/Process.git",
                "reference": "5e53efbf61a7fbf73c79e3e08feea50f64c20bfa"
            },
            "dist": {
                "type": "zip",
                "url": "https://api.github.com/repos/symfony/Process/zipball/5e53efbf61a7fbf73c79e3e08feea50f64c20bfa",
                "reference": "5e53efbf61a7fbf73c79e3e08feea50f64c20bfa",
                "shasum": ""
            },
            "require": {
                "php": ">=5.3.3"
            },
            "type": "library",
            "extra": {
                "branch-alias": {
                    "dev-master": "2.5-dev"
                }
            },
            "autoload": {
                "psr-0": {
                    "Symfony\\Component\\Process\\": ""
                }
            },
            "notification-url": "https://packagist.org/downloads/",
            "license": [
                "MIT"
            ],
            "authors": [
                {
                    "name": "Fabien Potencier",
                    "email": "fabien@symfony.com",
                    "homepage": "http://fabien.potencier.org",
                    "role": "Lead Developer"
                },
                {
                    "name": "Symfony Community",
                    "homepage": "http://symfony.com/contributors"
                }
            ],
            "description": "Symfony Process Component",
            "homepage": "http://symfony.com",
            "time": "2014-07-09T09:05:48+00:00"
        },
        {
            "name": "symfony/translation",
            "version": "2.8.x-dev",
            "source": {
                "type": "git",
                "url": "https://github.com/symfony/translation.git",
                "reference": "a69be9fa6fbc305d501bdf62ded33a8503de7b88"
            },
            "dist": {
                "type": "zip",
                "url": "https://api.github.com/repos/symfony/translation/zipball/a69be9fa6fbc305d501bdf62ded33a8503de7b88",
                "reference": "a69be9fa6fbc305d501bdf62ded33a8503de7b88",
                "shasum": ""
            },
            "require": {
                "php": ">=5.3.9",
                "symfony/polyfill-mbstring": "~1.0"
            },
            "conflict": {
                "symfony/config": "<2.7"
            },
            "require-dev": {
                "psr/log": "~1.0",
                "symfony/config": "~2.8",
                "symfony/intl": "~2.7.25|^2.8.18|~3.2.5",
                "symfony/yaml": "~2.2|~3.0.0"
            },
            "suggest": {
                "psr/log": "To use logging capability in translator",
                "symfony/config": "",
                "symfony/yaml": ""
            },
            "type": "library",
            "extra": {
                "branch-alias": {
                    "dev-master": "2.8-dev"
                }
            },
            "autoload": {
                "psr-4": {
                    "Symfony\\Component\\Translation\\": ""
                },
                "exclude-from-classmap": [
                    "/Tests/"
                ]
            },
            "notification-url": "https://packagist.org/downloads/",
            "license": [
                "MIT"
            ],
            "authors": [
                {
                    "name": "Fabien Potencier",
                    "email": "fabien@symfony.com"
                },
                {
                    "name": "Symfony Community",
                    "homepage": "https://symfony.com/contributors"
                }
            ],
            "description": "Symfony Translation Component",
            "homepage": "https://symfony.com",
            "time": "2017-10-13T13:30:20+00:00"
        },
        {
            "name": "symfony/validator",
            "version": "v2.5.2",
            "target-dir": "Symfony/Component/Validator",
            "source": {
                "type": "git",
                "url": "https://github.com/symfony/Validator.git",
                "reference": "8205456fe5cae985094a2e2a7b4352d1cef06a25"
            },
            "dist": {
                "type": "zip",
                "url": "https://api.github.com/repos/symfony/Validator/zipball/8205456fe5cae985094a2e2a7b4352d1cef06a25",
                "reference": "8205456fe5cae985094a2e2a7b4352d1cef06a25",
                "shasum": ""
            },
            "require": {
                "php": ">=5.3.3",
                "symfony/translation": "~2.0"
            },
            "require-dev": {
                "doctrine/annotations": "~1.0",
                "doctrine/cache": "~1.0",
                "egulias/email-validator": "~1.0",
                "symfony/config": "~2.2",
                "symfony/expression-language": "~2.4",
                "symfony/http-foundation": "~2.1",
                "symfony/intl": "~2.3",
                "symfony/property-access": "~2.2",
                "symfony/yaml": "~2.0"
            },
            "suggest": {
                "doctrine/annotations": "For using the annotation mapping. You will also need doctrine/cache.",
                "doctrine/cache": "For using the default cached annotation reader and metadata cache.",
                "egulias/email-validator": "Strict (RFC compliant) email validation",
                "symfony/config": "",
                "symfony/expression-language": "For using the 2.4 Expression validator",
                "symfony/http-foundation": "",
                "symfony/intl": "",
                "symfony/property-access": "For using the 2.4 Validator API",
                "symfony/yaml": ""
            },
            "type": "library",
            "extra": {
                "branch-alias": {
                    "dev-master": "2.5-dev"
                }
            },
            "autoload": {
                "psr-0": {
                    "Symfony\\Component\\Validator\\": ""
                }
            },
            "notification-url": "https://packagist.org/downloads/",
            "license": [
                "MIT"
            ],
            "authors": [
                {
                    "name": "Fabien Potencier",
                    "email": "fabien@symfony.com",
                    "homepage": "http://fabien.potencier.org",
                    "role": "Lead Developer"
                },
                {
                    "name": "Symfony Community",
                    "homepage": "http://symfony.com/contributors"
                }
            ],
            "description": "Symfony Validator Component",
            "homepage": "http://symfony.com",
            "time": "2014-07-15T14:15:12+00:00"
        },
        {
            "name": "symfony/yaml",
            "version": "v2.5.2",
            "target-dir": "Symfony/Component/Yaml",
            "source": {
                "type": "git",
                "url": "https://github.com/symfony/Yaml.git",
                "reference": "f868ecdbcc0276b6158dfbf08b9e98ce07f014e1"
            },
            "dist": {
                "type": "zip",
                "url": "https://api.github.com/repos/symfony/Yaml/zipball/f868ecdbcc0276b6158dfbf08b9e98ce07f014e1",
                "reference": "f868ecdbcc0276b6158dfbf08b9e98ce07f014e1",
                "shasum": ""
            },
            "require": {
                "php": ">=5.3.3"
            },
            "type": "library",
            "extra": {
                "branch-alias": {
                    "dev-master": "2.5-dev"
                }
            },
            "autoload": {
                "psr-0": {
                    "Symfony\\Component\\Yaml\\": ""
                }
            },
            "notification-url": "https://packagist.org/downloads/",
            "license": [
                "MIT"
            ],
            "authors": [
                {
                    "name": "Fabien Potencier",
                    "email": "fabien@symfony.com",
                    "homepage": "http://fabien.potencier.org",
                    "role": "Lead Developer"
                },
                {
                    "name": "Symfony Community",
                    "homepage": "http://symfony.com/contributors"
                }
            ],
            "description": "Symfony Yaml Component",
            "homepage": "http://symfony.com",
            "time": "2014-07-09T09:05:48+00:00"
        },
        {
            "name": "twig/twig",
            "version": "1.x-dev",
            "source": {
                "type": "git",
                "url": "https://github.com/twigphp/Twig.git",
                "reference": "e7944a1f67499a230463f463d7cecc3336b87ea1"
            },
            "dist": {
                "type": "zip",
                "url": "https://api.github.com/repos/twigphp/Twig/zipball/e7944a1f67499a230463f463d7cecc3336b87ea1",
                "reference": "e7944a1f67499a230463f463d7cecc3336b87ea1",
                "shasum": ""
            },
            "require": {
                "php": ">=5.3.3"
            },
            "require-dev": {
                "psr/container": "^1.0",
                "symfony/debug": "~2.7",
                "symfony/phpunit-bridge": "~3.3@dev"
            },
            "type": "library",
            "extra": {
                "branch-alias": {
                    "dev-master": "1.35-dev"
                }
            },
            "autoload": {
                "psr-0": {
                    "Twig_": "lib/"
                },
                "psr-4": {
                    "Twig\\": "src/"
                }
            },
            "notification-url": "https://packagist.org/downloads/",
            "license": [
                "BSD-3-Clause"
            ],
            "authors": [
                {
                    "name": "Fabien Potencier",
                    "email": "fabien@symfony.com",
                    "homepage": "http://fabien.potencier.org",
                    "role": "Lead Developer"
                },
                {
                    "name": "Armin Ronacher",
                    "email": "armin.ronacher@active-4.com",
                    "role": "Project Founder"
                },
                {
                    "name": "Twig Team",
                    "homepage": "http://twig.sensiolabs.org/contributors",
                    "role": "Contributors"
                }
            ],
            "description": "Twig, the flexible, fast, and secure template language for PHP",
            "homepage": "http://twig.sensiolabs.org",
            "keywords": [
                "templating"
            ],
            "time": "2017-09-27T18:07:18+00:00"
        }
    ],
    "aliases": [],
    "minimum-stability": "dev",
    "stability-flags": [],
    "prefer-stable": false,
    "prefer-lowest": false,
    "platform": {
        "php": ">=5.3.0"
    },
    "platform-dev": []
}
